
Microsoft Visual Studio Solution File, Format Version 12.00
# Visual Studio Version 17
VisualStudioVersion = 17.10.34916.146
MinimumVisualStudioVersion = 10.0.40219.1
Project("{9A19103F-16F7-4668-BE54-9A1E7A4F7556}") = "ArenaPro.Domain", "ArenaPro.Domain\ArenaPro.Domain.csproj", "{B416B77E-9545-4326-A29C-9D623B56D327}"
EndProject
Project("{9A19103F-16F7-4668-BE54-9A1E7A4F7556}") = "ArenaPro.Domain.Tests", "ArenaPro.Domain.Tests\ArenaPro.Domain.Tests.csproj", "{39D464F7-8D6C-40F2-B6BA-BC89662F51F6}"
EndProject
Project("{2150E333-8FDC-42A3-9474-1A3956D46DE8}") = "1 - Domain", "1 - Domain", "{2239729B-719D-45AF-BFA9-07EFC058968C}"
EndProject
Project("{2150E333-8FDC-42A3-9474-1A3956D46DE8}") = "2 - Infra", "2 - Infra", "{2CDF5250-3A59-497A-8CD2-DE1CC2EA889B}"
EndProject
Project("{9A19103F-16F7-4668-BE54-9A1E7A4F7556}") = "ArenaPro.Infra", "ArenaPro.Infra\ArenaPro.Infra.csproj", "{45300DC2-C0F1-4A4D-A772-8FBECB5BFDBA}"
EndProject
Project("{9A19103F-16F7-4668-BE54-9A1E7A4F7556}") = "ArenaPro.Infra.Tests", "ArenaPro.Infra.Tests\ArenaPro.Infra.Tests.csproj", "{EAF3F73D-2929-43EA-884E-0BB6E8DB649E}"
EndProject
Project("{2150E333-8FDC-42A3-9474-1A3956D46DE8}") = "3 - Application", "3 - Application", "{02230BD1-BE25-459B-B682-3BC45F04B44B}"
EndProject
Project("{9A19103F-16F7-4668-BE54-9A1E7A4F7556}") = "ArenaPro.Application", "ArenaPro.Application\ArenaPro.Application.csproj", "{6AD50A99-E3FE-493F-8BE3-F0D72A1011D7}"
EndProject
Project("{9A19103F-16F7-4668-BE54-9A1E7A4F7556}") = "ArenaPro.Application.Tests", "ArenaPro.Application.Tests\ArenaPro.Application.Tests.csproj", "{97915F73-334C-4697-BAB4-DFF95B28D9DF}"
	ProjectSection(ProjectDependencies) = postProject
		{45300DC2-C0F1-4A4D-A772-8FBECB5BFDBA} = {45300DC2-C0F1-4A4D-A772-8FBECB5BFDBA}
		{6AD50A99-E3FE-493F-8BE3-F0D72A1011D7} = {6AD50A99-E3FE-493F-8BE3-F0D72A1011D7}
		{B416B77E-9545-4326-A29C-9D623B56D327} = {B416B77E-9545-4326-A29C-9D623B56D327}
	EndProjectSection
EndProject
Project("{2150E333-8FDC-42A3-9474-1A3956D46DE8}") = "4 - CrossCutting", "4 - CrossCutting", "{01A96642-2E1A-4554-BE80-3DBD21E59AD1}"
EndProject
Project("{FAE04EC0-301F-11D3-BF4B-00C04F79EFBC}") = "ArenaPro.CrossCutting", "ArenaPro.CrossCutting\ArenaPro.CrossCutting.csproj", "{7EC65C0F-C1E9-4DB8-BDD8-6A73BAE456B9}"
EndProject
Project("{2150E333-8FDC-42A3-9474-1A3956D46DE8}") = "5 - API", "5 - API", "{7B9F69D7-D7CC-4B57-A0F4-81B40F35171D}"
EndProject
Project("{FAE04EC0-301F-11D3-BF4B-00C04F79EFBC}") = "ArenaPro.Api", "ArenaPro.Api\ArenaPro.Api.csproj", "{18D9F587-CE2E-426C-995A-6346985AC051}"
EndProject
Global
	GlobalSection(SolutionConfigurationPlatforms) = preSolution
		Debug|Any CPU = Debug|Any CPU
		Release|Any CPU = Release|Any CPU
	EndGlobalSection
	GlobalSection(ProjectConfigurationPlatforms) = postSolution
		{B416B77E-9545-4326-A29C-9D623B56D327}.Debug|Any CPU.ActiveCfg = Debug|Any CPU
		{B416B77E-9545-4326-A29C-9D623B56D327}.Debug|Any CPU.Build.0 = Debug|Any CPU
		{B416B77E-9545-4326-A29C-9D623B56D327}.Release|Any CPU.ActiveCfg = Release|Any CPU
		{B416B77E-9545-4326-A29C-9D623B56D327}.Release|Any CPU.Build.0 = Release|Any CPU
		{39D464F7-8D6C-40F2-B6BA-BC89662F51F6}.Debug|Any CPU.ActiveCfg = Debug|Any CPU
		{39D464F7-8D6C-40F2-B6BA-BC89662F51F6}.Debug|Any CPU.Build.0 = Debug|Any CPU
		{39D464F7-8D6C-40F2-B6BA-BC89662F51F6}.Release|Any CPU.ActiveCfg = Release|Any CPU
		{39D464F7-8D6C-40F2-B6BA-BC89662F51F6}.Release|Any CPU.Build.0 = Release|Any CPU
		{45300DC2-C0F1-4A4D-A772-8FBECB5BFDBA}.Debug|Any CPU.ActiveCfg = Debug|Any CPU
		{45300DC2-C0F1-4A4D-A772-8FBECB5BFDBA}.Debug|Any CPU.Build.0 = Debug|Any CPU
		{45300DC2-C0F1-4A4D-A772-8FBECB5BFDBA}.Release|Any CPU.ActiveCfg = Release|Any CPU
		{45300DC2-C0F1-4A4D-A772-8FBECB5BFDBA}.Release|Any CPU.Build.0 = Release|Any CPU
		{EAF3F73D-2929-43EA-884E-0BB6E8DB649E}.Debug|Any CPU.ActiveCfg = Debug|Any CPU
		{EAF3F73D-2929-43EA-884E-0BB6E8DB649E}.Debug|Any CPU.Build.0 = Debug|Any CPU
		{EAF3F73D-2929-43EA-884E-0BB6E8DB649E}.Release|Any CPU.ActiveCfg = Release|Any CPU
		{EAF3F73D-2929-43EA-884E-0BB6E8DB649E}.Release|Any CPU.Build.0 = Release|Any CPU
		{6AD50A99-E3FE-493F-8BE3-F0D72A1011D7}.Debug|Any CPU.ActiveCfg = Debug|Any CPU
		{6AD50A99-E3FE-493F-8BE3-F0D72A1011D7}.Debug|Any CPU.Build.0 = Debug|Any CPU
		{6AD50A99-E3FE-493F-8BE3-F0D72A1011D7}.Release|Any CPU.ActiveCfg = Release|Any CPU
		{6AD50A99-E3FE-493F-8BE3-F0D72A1011D7}.Release|Any CPU.Build.0 = Release|Any CPU
		{97915F73-334C-4697-BAB4-DFF95B28D9DF}.Debug|Any CPU.ActiveCfg = Debug|Any CPU
		{97915F73-334C-4697-BAB4-DFF95B28D9DF}.Debug|Any CPU.Build.0 = Debug|Any CPU
		{97915F73-334C-4697-BAB4-DFF95B28D9DF}.Release|Any CPU.ActiveCfg = Release|Any CPU
		{97915F73-334C-4697-BAB4-DFF95B28D9DF}.Release|Any CPU.Build.0 = Release|Any CPU
		{7EC65C0F-C1E9-4DB8-BDD8-6A73BAE456B9}.Debug|Any CPU.ActiveCfg = Debug|Any CPU
		{7EC65C0F-C1E9-4DB8-BDD8-6A73BAE456B9}.Debug|Any CPU.Build.0 = Debug|Any CPU
		{7EC65C0F-C1E9-4DB8-BDD8-6A73BAE456B9}.Release|Any CPU.ActiveCfg = Release|Any CPU
		{7EC65C0F-C1E9-4DB8-BDD8-6A73BAE456B9}.Release|Any CPU.Build.0 = Release|Any CPU
		{18D9F587-CE2E-426C-995A-6346985AC051}.Debug|Any CPU.ActiveCfg = Debug|Any CPU
		{18D9F587-CE2E-426C-995A-6346985AC051}.Debug|Any CPU.Build.0 = Debug|Any CPU
		{18D9F587-CE2E-426C-995A-6346985AC051}.Release|Any CPU.ActiveCfg = Release|Any CPU
		{18D9F587-CE2E-426C-995A-6346985AC051}.Release|Any CPU.Build.0 = Release|Any CPU
	EndGlobalSection
	GlobalSection(SolutionProperties) = preSolution
		HideSolutionNode = FALSE
	EndGlobalSection
	GlobalSection(NestedProjects) = preSolution
		{B416B77E-9545-4326-A29C-9D623B56D327} = {2239729B-719D-45AF-BFA9-07EFC058968C}
		{39D464F7-8D6C-40F2-B6BA-BC89662F51F6} = {2239729B-719D-45AF-BFA9-07EFC058968C}
		{45300DC2-C0F1-4A4D-A772-8FBECB5BFDBA} = {2CDF5250-3A59-497A-8CD2-DE1CC2EA889B}
		{EAF3F73D-2929-43EA-884E-0BB6E8DB649E} = {2CDF5250-3A59-497A-8CD2-DE1CC2EA889B}
		{6AD50A99-E3FE-493F-8BE3-F0D72A1011D7} = {02230BD1-BE25-459B-B682-3BC45F04B44B}
		{97915F73-334C-4697-BAB4-DFF95B28D9DF} = {02230BD1-BE25-459B-B682-3BC45F04B44B}
		{7EC65C0F-C1E9-4DB8-BDD8-6A73BAE456B9} = {01A96642-2E1A-4554-BE80-3DBD21E59AD1}
		{18D9F587-CE2E-426C-995A-6346985AC051} = {7B9F69D7-D7CC-4B57-A0F4-81B40F35171D}
	EndGlobalSection
	GlobalSection(ExtensibilityGlobals) = postSolution
		SolutionGuid = {805ECB55-8366-42B5-8E79-1B1608DFB77E}
	EndGlobalSection
EndGlobal
